
Microsoft Visual Studio Solution File, Format Version 12.00
# Visual Studio Version 17
VisualStudioVersion = 17.8.34511.84
MinimumVisualStudioVersion = 10.0.40219.1
Project("{9A19103F-16F7-4668-BE54-9A1E7A4F7556}") = "Application_moodle", "Application_moodle.csproj", "{A304EC2A-736D-4659-B320-4FC31F4544E0}"
EndProject
Project("{2150E333-8FDC-42A3-9474-1A3956D46DE8}") = "Solution Items", "Solution Items", "{75A6CF80-F747-490C-A028-C34BE9BD664E}"
	ProjectSection(SolutionItems) = preProject
		Authentification.cs = Authentification.cs
		DeuxiemeWindow.xaml = DeuxiemeWindow.xaml
		DeuxiemeWindow.xaml.cs = DeuxiemeWindow.xaml.cs
	EndProjectSection
EndProject
Global
	GlobalSection(SolutionConfigurationPlatforms) = preSolution
		Debug|Any CPU = Debug|Any CPU
		Release|Any CPU = Release|Any CPU
	EndGlobalSection
	GlobalSection(ProjectConfigurationPlatforms) = postSolution
		{A304EC2A-736D-4659-B320-4FC31F4544E0}.Debug|Any CPU.ActiveCfg = Debug|Any CPU
		{A304EC2A-736D-4659-B320-4FC31F4544E0}.Debug|Any CPU.Build.0 = Debug|Any CPU
		{A304EC2A-736D-4659-B320-4FC31F4544E0}.Release|Any CPU.ActiveCfg = Release|Any CPU
		{A304EC2A-736D-4659-B320-4FC31F4544E0}.Release|Any CPU.Build.0 = Release|Any CPU
	EndGlobalSection
	GlobalSection(SolutionProperties) = preSolution
		HideSolutionNode = FALSE
	EndGlobalSection
	GlobalSection(ExtensibilityGlobals) = postSolution
		SolutionGuid = {B59DC184-F679-490E-B141-CEAC0EFED500}
	EndGlobalSection
EndGlobal
